
Microsoft Visual Studio Solution File, Format Version 12.00
# Visual Studio Version 17
VisualStudioVersion = 17.9.34714.143
MinimumVisualStudioVersion = 10.0.40219.1
Project("{FAE04EC0-301F-11D3-BF4B-00C04F79EFBC}") = "inheritance", "inheritance\inheritance.csproj", "{C479F555-76B4-4655-A076-A42E9F92A447}"
EndProject
Global
	GlobalSection(SolutionConfigurationPlatforms) = preSolution
		Debug|Any CPU = Debug|Any CPU
		Release|Any CPU = Release|Any CPU
	EndGlobalSection
	GlobalSection(ProjectConfigurationPlatforms) = postSolution
		{C479F555-76B4-4655-A076-A42E9F92A447}.Debug|Any CPU.ActiveCfg = Debug|Any CPU
		{C479F555-76B4-4655-A076-A42E9F92A447}.Debug|Any CPU.Build.0 = Debug|Any CPU
		{C479F555-76B4-4655-A076-A42E9F92A447}.Release|Any CPU.ActiveCfg = Release|Any CPU
		{C479F555-76B4-4655-A076-A42E9F92A447}.Release|Any CPU.Build.0 = Release|Any CPU
	EndGlobalSection
	GlobalSection(SolutionProperties) = preSolution
		HideSolutionNode = FALSE
	EndGlobalSection
	GlobalSection(ExtensibilityGlobals) = postSolution
		SolutionGuid = {57A39FC6-553D-44FF-9907-57794788B4E8}
	EndGlobalSection
EndGlobal
